
Microsoft Visual Studio Solution File, Format Version 12.00
# Visual Studio Version 16
VisualStudioVersion = 16.0.29911.84
MinimumVisualStudioVersion = 10.0.40219.1
Project("{9A19103F-16F7-4668-BE54-9A1E7A4F7556}") = "17bang", "17bang\17bang.csproj", "{6AD40211-10DA-4A4D-893B-746A4BA91678}"
EndProject
Project("{9A19103F-16F7-4668-BE54-9A1E7A4F7556}") = "CSharp", "ADO\CSharp.csproj", "{437DBBC8-7DFF-4B8D-9865-4C0DA2BAC1A4}"
EndProject
Project("{9A19103F-16F7-4668-BE54-9A1E7A4F7556}") = "ReBuild17bang", "ReBuild17bang\ReBuild17bang.csproj", "{6A5CAD14-691A-48BD-B2C0-277D9C8C0DB8}"
EndProject
Project("{FAE04EC0-301F-11D3-BF4B-00C04F79EFBC}") = "EntityFrameworkEF", "EntityFrameworkEF\EntityFrameworkEF.csproj", "{0436A94F-1999-4617-9DD5-6A3F2F60A8EC}"
EndProject
Project("{9A19103F-16F7-4668-BE54-9A1E7A4F7556}") = "EntityFrameworkCoreSQL", "EntityFrameworkCoreSQL\EntityFrameworkCoreSQL.csproj", "{34200723-95E7-49A9-B7FA-2F8091CEB5B0}"
EndProject
Project("{FAE04EC0-301F-11D3-BF4B-00C04F79EFBC}") = "EntityFrameworkSQL", "EntityFrameworkSQL\EntityFrameworkSQL.csproj", "{C1E6D4F4-2065-4DB3-A951-E8CAC3ABCC35}"
EndProject
Project("{FAE04EC0-301F-11D3-BF4B-00C04F79EFBC}") = "17bangMVC", "17bangMVC\17bangMVC.csproj", "{25ABB9C2-CF12-468E-A7E4-AE451F2FC681}"
EndProject
Project("{2150E333-8FDC-42A3-9474-1A3956D46DE8}") = "Layers", "Layers", "{E4D5BCF3-07A3-4406-AD04-49DB5B4B87E2}"
EndProject
Project("{2150E333-8FDC-42A3-9474-1A3956D46DE8}") = "UI", "UI", "{CA11A690-F87D-4BF0-ADDC-2548D4E7778F}"
EndProject
Project("{2150E333-8FDC-42A3-9474-1A3956D46DE8}") = "BLL", "BLL", "{B4DFEFA8-8A21-461A-9F75-F40BAD28D32C}"
EndProject
Project("{2150E333-8FDC-42A3-9474-1A3956D46DE8}") = "DAL", "DAL", "{15F5084F-71F4-48E5-BA9C-4D0133E6E099}"
EndProject
Project("{2150E333-8FDC-42A3-9474-1A3956D46DE8}") = "SRV", "SRV", "{E5C28A57-7023-449D-9AB9-716FDB953C4E}"
EndProject
Project("{FAE04EC0-301F-11D3-BF4B-00C04F79EFBC}") = "Entity", "Layers\BLL\Entity\Entity.csproj", "{B0C15A7B-5138-4F60-879F-A632C0278157}"
EndProject
Project("{FAE04EC0-301F-11D3-BF4B-00C04F79EFBC}") = "Repository", "Layers\BLL\Repository\Repository.csproj", "{3FF9C3CB-BBAC-4229-8F72-D0FF8F00C9E6}"
EndProject
Project("{FAE04EC0-301F-11D3-BF4B-00C04F79EFBC}") = "DbHelper", "Layers\DAL\DbHelper\DbHelper.csproj", "{CBFDCBA9-5283-4C27-9584-B9E6EFC8B03A}"
EndProject
Project("{FAE04EC0-301F-11D3-BF4B-00C04F79EFBC}") = "MockService", "Layers\SRV\MockService\MockService.csproj", "{561E2DDF-386D-4D24-82DF-14AE4A5A8087}"
EndProject
Project("{FAE04EC0-301F-11D3-BF4B-00C04F79EFBC}") = "ProdService", "Layers\SRV\ProdService\ProdService.csproj", "{CB5CA763-1DB9-4832-AF28-184932C46292}"
EndProject
Project("{FAE04EC0-301F-11D3-BF4B-00C04F79EFBC}") = "ViewModel", "Layers\SRV\ViewModel\ViewModel.csproj", "{7E28E1AF-E0A1-4D83-81E2-972DDA04BF63}"
EndProject
Project("{FAE04EC0-301F-11D3-BF4B-00C04F79EFBC}") = "WebUI", "Layers\UI\WebUI\WebUI.csproj", "{4E215A45-1E68-45E9-9DE9-87F3A43FCFFB}"
EndProject
Project("{FAE04EC0-301F-11D3-BF4B-00C04F79EFBC}") = "ServiceInterface", "Layers\SRV\ServiceInterface\ServiceInterface.csproj", "{311E2AAF-7307-4CA3-BA32-5ADB15182891}"
EndProject
Project("{2150E333-8FDC-42A3-9474-1A3956D46DE8}") = "Tools", "Tools", "{5980C0F0-9B19-48C3-B28F-0C7B2A4514EE}"
EndProject
Project("{FAE04EC0-301F-11D3-BF4B-00C04F79EFBC}") = "DbFactory", "Layers\Tools\DbFactory\DbFactory.csproj", "{F9533144-EDA0-444E-BD71-41004A2BE905}"
EndProject
Global
	GlobalSection(SolutionConfigurationPlatforms) = preSolution
		Debug|Any CPU = Debug|Any CPU
		Release|Any CPU = Release|Any CPU
	EndGlobalSection
	GlobalSection(ProjectConfigurationPlatforms) = postSolution
		{6AD40211-10DA-4A4D-893B-746A4BA91678}.Debug|Any CPU.ActiveCfg = Debug|Any CPU
		{6AD40211-10DA-4A4D-893B-746A4BA91678}.Debug|Any CPU.Build.0 = Debug|Any CPU
		{6AD40211-10DA-4A4D-893B-746A4BA91678}.Release|Any CPU.ActiveCfg = Release|Any CPU
		{6AD40211-10DA-4A4D-893B-746A4BA91678}.Release|Any CPU.Build.0 = Release|Any CPU
		{437DBBC8-7DFF-4B8D-9865-4C0DA2BAC1A4}.Debug|Any CPU.ActiveCfg = Debug|Any CPU
		{437DBBC8-7DFF-4B8D-9865-4C0DA2BAC1A4}.Debug|Any CPU.Build.0 = Debug|Any CPU
		{437DBBC8-7DFF-4B8D-9865-4C0DA2BAC1A4}.Release|Any CPU.ActiveCfg = Release|Any CPU
		{437DBBC8-7DFF-4B8D-9865-4C0DA2BAC1A4}.Release|Any CPU.Build.0 = Release|Any CPU
		{6A5CAD14-691A-48BD-B2C0-277D9C8C0DB8}.Debug|Any CPU.ActiveCfg = Debug|Any CPU
		{6A5CAD14-691A-48BD-B2C0-277D9C8C0DB8}.Debug|Any CPU.Build.0 = Debug|Any CPU
		{6A5CAD14-691A-48BD-B2C0-277D9C8C0DB8}.Release|Any CPU.ActiveCfg = Release|Any CPU
		{6A5CAD14-691A-48BD-B2C0-277D9C8C0DB8}.Release|Any CPU.Build.0 = Release|Any CPU
		{0436A94F-1999-4617-9DD5-6A3F2F60A8EC}.Debug|Any CPU.ActiveCfg = Debug|Any CPU
		{0436A94F-1999-4617-9DD5-6A3F2F60A8EC}.Debug|Any CPU.Build.0 = Debug|Any CPU
		{0436A94F-1999-4617-9DD5-6A3F2F60A8EC}.Release|Any CPU.ActiveCfg = Release|Any CPU
		{0436A94F-1999-4617-9DD5-6A3F2F60A8EC}.Release|Any CPU.Build.0 = Release|Any CPU
		{34200723-95E7-49A9-B7FA-2F8091CEB5B0}.Debug|Any CPU.ActiveCfg = Debug|Any CPU
		{34200723-95E7-49A9-B7FA-2F8091CEB5B0}.Debug|Any CPU.Build.0 = Debug|Any CPU
		{34200723-95E7-49A9-B7FA-2F8091CEB5B0}.Release|Any CPU.ActiveCfg = Release|Any CPU
		{34200723-95E7-49A9-B7FA-2F8091CEB5B0}.Release|Any CPU.Build.0 = Release|Any CPU
		{C1E6D4F4-2065-4DB3-A951-E8CAC3ABCC35}.Debug|Any CPU.ActiveCfg = Debug|Any CPU
		{C1E6D4F4-2065-4DB3-A951-E8CAC3ABCC35}.Debug|Any CPU.Build.0 = Debug|Any CPU
		{C1E6D4F4-2065-4DB3-A951-E8CAC3ABCC35}.Release|Any CPU.ActiveCfg = Release|Any CPU
		{C1E6D4F4-2065-4DB3-A951-E8CAC3ABCC35}.Release|Any CPU.Build.0 = Release|Any CPU
		{25ABB9C2-CF12-468E-A7E4-AE451F2FC681}.Debug|Any CPU.ActiveCfg = Debug|Any CPU
		{25ABB9C2-CF12-468E-A7E4-AE451F2FC681}.Debug|Any CPU.Build.0 = Debug|Any CPU
		{25ABB9C2-CF12-468E-A7E4-AE451F2FC681}.Release|Any CPU.ActiveCfg = Release|Any CPU
		{25ABB9C2-CF12-468E-A7E4-AE451F2FC681}.Release|Any CPU.Build.0 = Release|Any CPU
		{B0C15A7B-5138-4F60-879F-A632C0278157}.Debug|Any CPU.ActiveCfg = Debug|Any CPU
		{B0C15A7B-5138-4F60-879F-A632C0278157}.Debug|Any CPU.Build.0 = Debug|Any CPU
		{B0C15A7B-5138-4F60-879F-A632C0278157}.Release|Any CPU.ActiveCfg = Release|Any CPU
		{B0C15A7B-5138-4F60-879F-A632C0278157}.Release|Any CPU.Build.0 = Release|Any CPU
		{3FF9C3CB-BBAC-4229-8F72-D0FF8F00C9E6}.Debug|Any CPU.ActiveCfg = Debug|Any CPU
		{3FF9C3CB-BBAC-4229-8F72-D0FF8F00C9E6}.Debug|Any CPU.Build.0 = Debug|Any CPU
		{3FF9C3CB-BBAC-4229-8F72-D0FF8F00C9E6}.Release|Any CPU.ActiveCfg = Release|Any CPU
		{3FF9C3CB-BBAC-4229-8F72-D0FF8F00C9E6}.Release|Any CPU.Build.0 = Release|Any CPU
		{CBFDCBA9-5283-4C27-9584-B9E6EFC8B03A}.Debug|Any CPU.ActiveCfg = Debug|Any CPU
		{CBFDCBA9-5283-4C27-9584-B9E6EFC8B03A}.Debug|Any CPU.Build.0 = Debug|Any CPU
		{CBFDCBA9-5283-4C27-9584-B9E6EFC8B03A}.Release|Any CPU.ActiveCfg = Release|Any CPU
		{CBFDCBA9-5283-4C27-9584-B9E6EFC8B03A}.Release|Any CPU.Build.0 = Release|Any CPU
		{561E2DDF-386D-4D24-82DF-14AE4A5A8087}.Debug|Any CPU.ActiveCfg = Debug|Any CPU
		{561E2DDF-386D-4D24-82DF-14AE4A5A8087}.Debug|Any CPU.Build.0 = Debug|Any CPU
		{561E2DDF-386D-4D24-82DF-14AE4A5A8087}.Release|Any CPU.ActiveCfg = Release|Any CPU
		{561E2DDF-386D-4D24-82DF-14AE4A5A8087}.Release|Any CPU.Build.0 = Release|Any CPU
		{CB5CA763-1DB9-4832-AF28-184932C46292}.Debug|Any CPU.ActiveCfg = Debug|Any CPU
		{CB5CA763-1DB9-4832-AF28-184932C46292}.Debug|Any CPU.Build.0 = Debug|Any CPU
		{CB5CA763-1DB9-4832-AF28-184932C46292}.Release|Any CPU.ActiveCfg = Release|Any CPU
		{CB5CA763-1DB9-4832-AF28-184932C46292}.Release|Any CPU.Build.0 = Release|Any CPU
		{7E28E1AF-E0A1-4D83-81E2-972DDA04BF63}.Debug|Any CPU.ActiveCfg = Debug|Any CPU
		{7E28E1AF-E0A1-4D83-81E2-972DDA04BF63}.Debug|Any CPU.Build.0 = Debug|Any CPU
		{7E28E1AF-E0A1-4D83-81E2-972DDA04BF63}.Release|Any CPU.ActiveCfg = Release|Any CPU
		{7E28E1AF-E0A1-4D83-81E2-972DDA04BF63}.Release|Any CPU.Build.0 = Release|Any CPU
		{4E215A45-1E68-45E9-9DE9-87F3A43FCFFB}.Debug|Any CPU.ActiveCfg = Debug|Any CPU
		{4E215A45-1E68-45E9-9DE9-87F3A43FCFFB}.Debug|Any CPU.Build.0 = Debug|Any CPU
		{4E215A45-1E68-45E9-9DE9-87F3A43FCFFB}.Release|Any CPU.ActiveCfg = Release|Any CPU
		{4E215A45-1E68-45E9-9DE9-87F3A43FCFFB}.Release|Any CPU.Build.0 = Release|Any CPU
		{311E2AAF-7307-4CA3-BA32-5ADB15182891}.Debug|Any CPU.ActiveCfg = Debug|Any CPU
		{311E2AAF-7307-4CA3-BA32-5ADB15182891}.Debug|Any CPU.Build.0 = Debug|Any CPU
		{311E2AAF-7307-4CA3-BA32-5ADB15182891}.Release|Any CPU.ActiveCfg = Release|Any CPU
		{311E2AAF-7307-4CA3-BA32-5ADB15182891}.Release|Any CPU.Build.0 = Release|Any CPU
		{F9533144-EDA0-444E-BD71-41004A2BE905}.Debug|Any CPU.ActiveCfg = Debug|Any CPU
		{F9533144-EDA0-444E-BD71-41004A2BE905}.Debug|Any CPU.Build.0 = Debug|Any CPU
		{F9533144-EDA0-444E-BD71-41004A2BE905}.Release|Any CPU.ActiveCfg = Release|Any CPU
		{F9533144-EDA0-444E-BD71-41004A2BE905}.Release|Any CPU.Build.0 = Release|Any CPU
	EndGlobalSection
	GlobalSection(SolutionProperties) = preSolution
		HideSolutionNode = FALSE
	EndGlobalSection
	GlobalSection(NestedProjects) = preSolution
		{CA11A690-F87D-4BF0-ADDC-2548D4E7778F} = {E4D5BCF3-07A3-4406-AD04-49DB5B4B87E2}
		{B4DFEFA8-8A21-461A-9F75-F40BAD28D32C} = {E4D5BCF3-07A3-4406-AD04-49DB5B4B87E2}
		{15F5084F-71F4-48E5-BA9C-4D0133E6E099} = {E4D5BCF3-07A3-4406-AD04-49DB5B4B87E2}
		{E5C28A57-7023-449D-9AB9-716FDB953C4E} = {E4D5BCF3-07A3-4406-AD04-49DB5B4B87E2}
		{B0C15A7B-5138-4F60-879F-A632C0278157} = {B4DFEFA8-8A21-461A-9F75-F40BAD28D32C}
		{3FF9C3CB-BBAC-4229-8F72-D0FF8F00C9E6} = {B4DFEFA8-8A21-461A-9F75-F40BAD28D32C}
		{CBFDCBA9-5283-4C27-9584-B9E6EFC8B03A} = {15F5084F-71F4-48E5-BA9C-4D0133E6E099}
		{561E2DDF-386D-4D24-82DF-14AE4A5A8087} = {E5C28A57-7023-449D-9AB9-716FDB953C4E}
		{CB5CA763-1DB9-4832-AF28-184932C46292} = {E5C28A57-7023-449D-9AB9-716FDB953C4E}
		{7E28E1AF-E0A1-4D83-81E2-972DDA04BF63} = {E5C28A57-7023-449D-9AB9-716FDB953C4E}
		{4E215A45-1E68-45E9-9DE9-87F3A43FCFFB} = {CA11A690-F87D-4BF0-ADDC-2548D4E7778F}
		{311E2AAF-7307-4CA3-BA32-5ADB15182891} = {E5C28A57-7023-449D-9AB9-716FDB953C4E}
		{5980C0F0-9B19-48C3-B28F-0C7B2A4514EE} = {E4D5BCF3-07A3-4406-AD04-49DB5B4B87E2}
		{F9533144-EDA0-444E-BD71-41004A2BE905} = {5980C0F0-9B19-48C3-B28F-0C7B2A4514EE}
	EndGlobalSection
	GlobalSection(ExtensibilityGlobals) = postSolution
		SolutionGuid = {FD243680-D489-48CA-B78A-12AF7FA18B77}
	EndGlobalSection
EndGlobal
